
Microsoft Visual Studio Solution File, Format Version 12.00
# Visual Studio Version 16
VisualStudioVersion = 16.0.30717.126
MinimumVisualStudioVersion = 10.0.40219.1
Project("{9A19103F-16F7-4668-BE54-9A1E7A4F7556}") = "CursoCSharp", "CursoCSharp.csproj", "{A984B2CC-D7DD-4457-B707-2F8E0927BBEA}"
EndProject
Project("{9A19103F-16F7-4668-BE54-9A1E7A4F7556}") = "MyConversorXML", "MyConversorXML\MyConversorXML.csproj", "{A4F1C3FF-6B18-484F-B2FB-9C7F985ED438}"
EndProject
Global
	GlobalSection(SolutionConfigurationPlatforms) = preSolution
		Debug|Any CPU = Debug|Any CPU
		Release|Any CPU = Release|Any CPU
	EndGlobalSection
	GlobalSection(ProjectConfigurationPlatforms) = postSolution
		{A984B2CC-D7DD-4457-B707-2F8E0927BBEA}.Debug|Any CPU.ActiveCfg = Debug|Any CPU
		{A984B2CC-D7DD-4457-B707-2F8E0927BBEA}.Debug|Any CPU.Build.0 = Debug|Any CPU
		{A984B2CC-D7DD-4457-B707-2F8E0927BBEA}.Release|Any CPU.ActiveCfg = Release|Any CPU
		{A984B2CC-D7DD-4457-B707-2F8E0927BBEA}.Release|Any CPU.Build.0 = Release|Any CPU
		{A4F1C3FF-6B18-484F-B2FB-9C7F985ED438}.Debug|Any CPU.ActiveCfg = Debug|Any CPU
		{A4F1C3FF-6B18-484F-B2FB-9C7F985ED438}.Debug|Any CPU.Build.0 = Debug|Any CPU
		{A4F1C3FF-6B18-484F-B2FB-9C7F985ED438}.Release|Any CPU.ActiveCfg = Release|Any CPU
		{A4F1C3FF-6B18-484F-B2FB-9C7F985ED438}.Release|Any CPU.Build.0 = Release|Any CPU
	EndGlobalSection
	GlobalSection(SolutionProperties) = preSolution
		HideSolutionNode = FALSE
	EndGlobalSection
	GlobalSection(ExtensibilityGlobals) = postSolution
		SolutionGuid = {09A7A63D-92AB-4C2E-8B7A-B255E29009AF}
	EndGlobalSection
EndGlobal
